
Microsoft Visual Studio Solution File, Format Version 12.00
# Visual Studio 15
VisualStudioVersion = 15.0.28307.1169
MinimumVisualStudioVersion = 10.0.40219.1
Project("{00D1A9C2-B5F0-4AF3-8072-F6C62B433612}") = "BikeStores", "BikeStores\BikeStores.sqlproj", "{48988478-13A3-40C2-BD59-2CC549052E22}"
EndProject
Global
	GlobalSection(SolutionConfigurationPlatforms) = preSolution
		Debug|Any CPU = Debug|Any CPU
		Release|Any CPU = Release|Any CPU
	EndGlobalSection
	GlobalSection(ProjectConfigurationPlatforms) = postSolution
		{48988478-13A3-40C2-BD59-2CC549052E22}.Debug|Any CPU.ActiveCfg = Debug|Any CPU
		{48988478-13A3-40C2-BD59-2CC549052E22}.Debug|Any CPU.Build.0 = Debug|Any CPU
		{48988478-13A3-40C2-BD59-2CC549052E22}.Debug|Any CPU.Deploy.0 = Debug|Any CPU
		{48988478-13A3-40C2-BD59-2CC549052E22}.Release|Any CPU.ActiveCfg = Release|Any CPU
		{48988478-13A3-40C2-BD59-2CC549052E22}.Release|Any CPU.Build.0 = Release|Any CPU
		{48988478-13A3-40C2-BD59-2CC549052E22}.Release|Any CPU.Deploy.0 = Release|Any CPU
	EndGlobalSection
	GlobalSection(SolutionProperties) = preSolution
		HideSolutionNode = FALSE
	EndGlobalSection
	GlobalSection(ExtensibilityGlobals) = postSolution
		SolutionGuid = {DDCCB6C7-CAE8-4C4E-B570-BE45CC139749}
	EndGlobalSection
EndGlobal
